
Microsoft Visual Studio Solution File, Format Version 12.00
# Visual Studio 15
Project("{FAE04EC0-301F-11D3-BF4B-00C04F79EFBC}") = "Assembly-CSharp", "Assembly-CSharp.csproj", "{E1880D24-7E30-48A7-1CD6-EDD06EF424EF}"
EndProject
Global
	GlobalSection(SolutionConfigurationPlatforms) = preSolution
		Debug|Any CPU = Debug|Any CPU
		Release|Any CPU = Release|Any CPU
	EndGlobalSection
	GlobalSection(ProjectConfigurationPlatforms) = postSolution
		{E1880D24-7E30-48A7-1CD6-EDD06EF424EF}.Debug|Any CPU.ActiveCfg = Debug|Any CPU
		{E1880D24-7E30-48A7-1CD6-EDD06EF424EF}.Debug|Any CPU.Build.0 = Debug|Any CPU
		{E1880D24-7E30-48A7-1CD6-EDD06EF424EF}.Release|Any CPU.ActiveCfg = Release|Any CPU
		{E1880D24-7E30-48A7-1CD6-EDD06EF424EF}.Release|Any CPU.Build.0 = Release|Any CPU
	EndGlobalSection
	GlobalSection(SolutionProperties) = preSolution
		HideSolutionNode = FALSE
	EndGlobalSection
EndGlobal
